// !$*UTF8*$!
{
	archiveVersion = 1;
	classes = {
	};
	objectVersion = 50;
	objects = {

/* Begin PBXBuildFile section */
		84FC4C192633CA64009562CA /* AppDelegate.swift in Sources */ = {isa = PBXBuildFile; fileRef = 84FC4C182633CA64009562CA /* AppDelegate.swift */; };
		84FC4C1D2633CA64009562CA /* ViewController.swift in Sources */ = {isa = PBXBuildFile; fileRef = 84FC4C1C2633CA64009562CA /* ViewController.swift */; };
		84FC4C202633CA64009562CA /* Main.storyboard in Resources */ = {isa = PBXBuildFile; fileRef = 84FC4C1E2633CA64009562CA /* Main.storyboard */; };
		84FC4C222633CA65009562CA /* Assets.xcassets in Resources */ = {isa = PBXBuildFile; fileRef = 84FC4C212633CA65009562CA /* Assets.xcassets */; };
		84FC4C252633CA65009562CA /* LaunchScreen.storyboard in Resources */ = {isa = PBXBuildFile; fileRef = 84FC4C232633CA65009562CA /* LaunchScreen.storyboard */; };
		84FC4C332633CB22009562CA /* EBWebInterface.m in Sources */ = {isa = PBXBuildFile; fileRef = 84FC4C322633CB22009562CA /* EBWebInterface.m */; };
		84FC4C382633CBDF009562CA /* EBWebView.swift in Sources */ = {isa = PBXBuildFile; fileRef = 84FC4C372633CBDF009562CA /* EBWebView.swift */; };
		84FC4C422633E06F009562CA /* EBWebInterfaceEvent.m in Sources */ = {isa = PBXBuildFile; fileRef = 84FC4C412633E06F009562CA /* EBWebInterfaceEvent.m */; };
		84FC4C482633E644009562CA /* EBWebInterfaceEvent1001.m in Sources */ = {isa = PBXBuildFile; fileRef = 84FC4C472633E644009562CA /* EBWebInterfaceEvent1001.m */; };
/* End PBXBuildFile section */

/* Begin PBXFileReference section */
		84FC4C152633CA64009562CA /* TestWebViewInterface.app */ = {isa = PBXFileReference; explicitFileType = wrapper.application; includeInIndex = 0; path = TestWebViewInterface.app; sourceTree = BUILT_PRODUCTS_DIR; };
		84FC4C182633CA64009562CA /* AppDelegate.swift */ = {isa = PBXFileReference; lastKnownFileType = sourcecode.swift; path = AppDelegate.swift; sourceTree = "<group>"; };
		84FC4C1C2633CA64009562CA /* ViewController.swift */ = {isa = PBXFileReference; lastKnownFileType = sourcecode.swift; path = ViewController.swift; sourceTree = "<group>"; };
		84FC4C1F2633CA64009562CA /* Base */ = {isa = PBXFileReference; lastKnownFileType = file.storyboard; name = Base; path = Base.lproj/Main.storyboard; sourceTree = "<group>"; };
		84FC4C212633CA65009562CA /* Assets.xcassets */ = {isa = PBXFileReference; lastKnownFileType = folder.assetcatalog; path = Assets.xcassets; sourceTree = "<group>"; };
		84FC4C242633CA65009562CA /* Base */ = {isa = PBXFileReference; lastKnownFileType = file.storyboard; name = Base; path = Base.lproj/LaunchScreen.storyboard; sourceTree = "<group>"; };
		84FC4C262633CA65009562CA /* Info.plist */ = {isa = PBXFileReference; lastKnownFileType = text.plist.xml; path = Info.plist; sourceTree = "<group>"; };
		84FC4C302633CB22009562CA /* TestWebViewInterface-Bridging-Header.h */ = {isa = PBXFileReference; lastKnownFileType = sourcecode.c.h; path = "TestWebViewInterface-Bridging-Header.h"; sourceTree = "<group>"; };
		84FC4C312633CB22009562CA /* EBWebInterface.h */ = {isa = PBXFileReference; fileEncoding = 4; lastKnownFileType = sourcecode.c.h; path = EBWebInterface.h; sourceTree = "<group>"; };
		84FC4C322633CB22009562CA /* EBWebInterface.m */ = {isa = PBXFileReference; fileEncoding = 4; lastKnownFileType = sourcecode.c.objc; path = EBWebInterface.m; sourceTree = "<group>"; };
		84FC4C372633CBDF009562CA /* EBWebView.swift */ = {isa = PBXFileReference; lastKnownFileType = sourcecode.swift; path = EBWebView.swift; sourceTree = "<group>"; };
		84FC4C402633E06F009562CA /* EBWebInterfaceEvent.h */ = {isa = PBXFileReference; lastKnownFileType = sourcecode.c.h; path = EBWebInterfaceEvent.h; sourceTree = "<group>"; };
		84FC4C412633E06F009562CA /* EBWebInterfaceEvent.m */ = {isa = PBXFileReference; lastKnownFileType = sourcecode.c.objc; path = EBWebInterfaceEvent.m; sourceTree = "<group>"; };
		84FC4C462633E644009562CA /* EBWebInterfaceEvent1001.h */ = {isa = PBXFileReference; lastKnownFileType = sourcecode.c.h; path = EBWebInterfaceEvent1001.h; sourceTree = "<group>"; };
		84FC4C472633E644009562CA /* EBWebInterfaceEvent1001.m */ = {isa = PBXFileReference; lastKnownFileType = sourcecode.c.objc; path = EBWebInterfaceEvent1001.m; sourceTree = "<group>"; };
/* End PBXFileReference section */

/* Begin PBXFrameworksBuildPhase section */
		84FC4C122633CA64009562CA /* Frameworks */ = {
			isa = PBXFrameworksBuildPhase;
			buildActionMask = 2147483647;
			files = (
			);
			runOnlyForDeploymentPostprocessing = 0;
		};
/* End PBXFrameworksBuildPhase section */

/* Begin PBXGroup section */
		84FC4C0C2633CA64009562CA = {
			isa = PBXGroup;
			children = (
				84FC4C172633CA64009562CA /* TestWebViewInterface */,
				84FC4C162633CA64009562CA /* Products */,
			);
			sourceTree = "<group>";
		};
		84FC4C162633CA64009562CA /* Products */ = {
			isa = PBXGroup;
			children = (
				84FC4C152633CA64009562CA /* TestWebViewInterface.app */,
			);
			name = Products;
			sourceTree = "<group>";
		};
		84FC4C172633CA64009562CA /* TestWebViewInterface */ = {
			isa = PBXGroup;
			children = (
				84FC4C312633CB22009562CA /* EBWebInterface.h */,
				84FC4C322633CB22009562CA /* EBWebInterface.m */,
				84FC4C402633E06F009562CA /* EBWebInterfaceEvent.h */,
				84FC4C412633E06F009562CA /* EBWebInterfaceEvent.m */,
				84FC4C462633E644009562CA /* EBWebInterfaceEvent1001.h */,
				84FC4C472633E644009562CA /* EBWebInterfaceEvent1001.m */,
				84FC4C182633CA64009562CA /* AppDelegate.swift */,
				84FC4C1C2633CA64009562CA /* ViewController.swift */,
				84FC4C1E2633CA64009562CA /* Main.storyboard */,
				84FC4C212633CA65009562CA /* Assets.xcassets */,
				84FC4C232633CA65009562CA /* LaunchScreen.storyboard */,
				84FC4C262633CA65009562CA /* Info.plist */,
				84FC4C302633CB22009562CA /* TestWebViewInterface-Bridging-Header.h */,
				84FC4C372633CBDF009562CA /* EBWebView.swift */,
			);
			path = TestWebViewInterface;
			sourceTree = "<group>";
		};
/* End PBXGroup section */

/* Begin PBXNativeTarget section */
		84FC4C142633CA64009562CA /* TestWebViewInterface */ = {
			isa = PBXNativeTarget;
			buildConfigurationList = 84FC4C292633CA65009562CA /* Build configuration list for PBXNativeTarget "TestWebViewInterface" */;
			buildPhases = (
				84FC4C112633CA64009562CA /* Sources */,
				84FC4C122633CA64009562CA /* Frameworks */,
				84FC4C132633CA64009562CA /* Resources */,
			);
			buildRules = (
			);
			dependencies = (
			);
			name = TestWebViewInterface;
			productName = TestWebViewInterface;
			productReference = 84FC4C152633CA64009562CA /* TestWebViewInterface.app */;
			productType = "com.apple.product-type.application";
		};
/* End PBXNativeTarget section */

/* Begin PBXProject section */
		84FC4C0D2633CA64009562CA /* Project object */ = {
			isa = PBXProject;
			attributes = {
				LastSwiftUpdateCheck = 1240;
				LastUpgradeCheck = 1240;
				TargetAttributes = {
					84FC4C142633CA64009562CA = {
						CreatedOnToolsVersion = 12.4;
						LastSwiftMigration = 1240;
					};
				};
			};
			buildConfigurationList = 84FC4C102633CA64009562CA /* Build configuration list for PBXProject "TestWebViewInterface" */;
			compatibilityVersion = "Xcode 9.3";
			developmentRegion = en;
			hasScannedForEncodings = 0;
			knownRegions = (
				en,
				Base,
			);
			mainGroup = 84FC4C0C2633CA64009562CA;
			productRefGroup = 84FC4C162633CA64009562CA /* Products */;
			projectDirPath = "";
			projectRoot = "";
			targets = (
				84FC4C142633CA64009562CA /* TestWebViewInterface */,
			);
		};
/* End PBXProject section */

/* Begin PBXResourcesBuildPhase section */
		84FC4C132633CA64009562CA /* Resources */ = {
			isa = PBXResourcesBuildPhase;
			buildActionMask = 2147483647;
			files = (
				84FC4C252633CA65009562CA /* LaunchScreen.storyboard in Resources */,
				84FC4C222633CA65009562CA /* Assets.xcassets in Resources */,
				84FC4C202633CA64009562CA /* Main.storyboard in Resources */,
			);
			runOnlyForDeploymentPostprocessing = 0;
		};
/* End PBXResourcesBuildPhase section */

/* Begin PBXSourcesBuildPhase section */
		84FC4C112633CA64009562CA /* Sources */ = {
			isa = PBXSourcesBuildPhase;
			buildActionMask = 2147483647;
			files = (
				84FC4C1D2633CA64009562CA /* ViewController.swift in Sources */,
				84FC4C332633CB22009562CA /* EBWebInterface.m in Sources */,
				84FC4C482633E644009562CA /* EBWebInterfaceEvent1001.m in Sources */,
				84FC4C422633E06F009562CA /* EBWebInterfaceEvent.m in Sources */,
				84FC4C382633CBDF009562CA /* EBWebView.swift in Sources */,
				84FC4C192633CA64009562CA /* AppDelegate.swift in Sources */,
			);
			runOnlyForDeploymentPostprocessing = 0;
		};
/* End PBXSourcesBuildPhase section */

/* Begin PBXVariantGroup section */
		84FC4C1E2633CA64009562CA /* Main.storyboard */ = {
			isa = PBXVariantGroup;
			children = (
				84FC4C1F2633CA64009562CA /* Base */,
			);
			name = Main.storyboard;
			sourceTree = "<group>";
		};
		84FC4C232633CA65009562CA /* LaunchScreen.storyboard */ = {
			isa = PBXVariantGroup;
			children = (
				84FC4C242633CA65009562CA /* Base */,
			);
			name = LaunchScreen.storyboard;
			sourceTree = "<group>";
		};
/* End PBXVariantGroup section */

/* Begin XCBuildConfiguration section */
		84FC4C272633CA65009562CA /* Debug */ = {
			isa = XCBuildConfiguration;
			buildSettings = {
				ALWAYS_SEARCH_USER_PATHS = NO;
				CLANG_ANALYZER_NONNULL = YES;
				CLANG_ANALYZER_NUMBER_OBJECT_CONVERSION = YES_AGGRESSIVE;
				CLANG_CXX_LANGUAGE_STANDARD = "gnu++14";
				CLANG_CXX_LIBRARY = "libc++";
				CLANG_ENABLE_MODULES = YES;
				CLANG_ENABLE_OBJC_ARC = YES;
				CLANG_ENABLE_OBJC_WEAK = YES;
				CLANG_WARN_BLOCK_CAPTURE_AUTORELEASING = YES;
				CLANG_WARN_BOOL_CONVERSION = YES;
				CLANG_WARN_COMMA = YES;
				CLANG_WARN_CONSTANT_CONVERSION = YES;
				CLANG_WARN_DEPRECATED_OBJC_IMPLEMENTATIONS = YES;
				CLANG_WARN_DIRECT_OBJC_ISA_USAGE = YES_ERROR;
				CLANG_WARN_DOCUMENTATION_COMMENTS = YES;
				CLANG_WARN_EMPTY_BODY = YES;
				CLANG_WARN_ENUM_CONVERSION = YES;
				CLANG_WARN_INFINITE_RECURSION = YES;
				CLANG_WARN_INT_CONVERSION = YES;
				CLANG_WARN_NON_LITERAL_NULL_CONVERSION = YES;
				CLANG_WARN_OBJC_IMPLICIT_RETAIN_SELF = YES;
				CLANG_WARN_OBJC_LITERAL_CONVERSION = YES;
				CLANG_WARN_OBJC_ROOT_CLASS = YES_ERROR;
				CLANG_WARN_QUOTED_INCLUDE_IN_FRAMEWORK_HEADER = YES;
				CLANG_WARN_RANGE_LOOP_ANALYSIS = YES;
				CLANG_WARN_STRICT_PROTOTYPES = YES;
				CLANG_WARN_SUSPICIOUS_MOVE = YES;
				CLANG_WARN_UNGUARDED_AVAILABILITY = YES_AGGRESSIVE;
				CLANG_WARN_UNREACHABLE_CODE = YES;
				CLANG_WARN__DUPLICATE_METHOD_MATCH = YES;
				COPY_PHASE_STRIP = NO;
				DEBUG_INFORMATION_FORMAT = dwarf;
				ENABLE_STRICT_OBJC_MSGSEND = YES;
				ENABLE_TESTABILITY = YES;
				GCC_C_LANGUAGE_STANDARD = gnu11;
				GCC_DYNAMIC_NO_PIC = NO;
				GCC_NO_COMMON_BLOCKS = YES;
				GCC_OPTIMIZATION_LEVEL = 0;
				GCC_PREPROCESSOR_DEFINITIONS = (
					"DEBUG=1",
					"$(inherited)",
				);
				GCC_WARN_64_TO_32_BIT_CONVERSION = YES;
				GCC_WARN_ABOUT_RETURN_TYPE = YES_ERROR;
				GCC_WARN_UNDECLARED_SELECTOR = YES;
				GCC_WARN_UNINITIALIZED_AUTOS = YES_AGGRESSIVE;
				GCC_WARN_UNUSED_FUNCTION = YES;
				GCC_WARN_UNUSED_VARIABLE = YES;
				IPHONEOS_DEPLOYMENT_TARGET = 14.4;
				MTL_ENABLE_DEBUG_INFO = INCLUDE_SOURCE;
				MTL_FAST_MATH = YES;
				ONLY_ACTIVE_ARCH = YES;
				SDKROOT = iphoneos;
				SWIFT_ACTIVE_COMPILATION_CONDITIONS = DEBUG;
				SWIFT_OPTIMIZATION_LEVEL = "-Onone";
			};
			name = Debug;
		};
		84FC4C282633CA65009562CA /* Release */ = {
			isa = XCBuildConfiguration;
			buildSettings = {
				ALWAYS_SEARCH_USER_PATHS = NO;
				CLANG_ANALYZER_NONNULL = YES;
				CLANG_ANALYZER_NUMBER_OBJECT_CONVERSION = YES_AGGRESSIVE;
				CLANG_CXX_LANGUAGE_STANDARD = "gnu++14";
				CLANG_CXX_LIBRARY = "libc++";
				CLANG_ENABLE_MODULES = YES;
				CLANG_ENABLE_OBJC_ARC = YES;
				CLANG_ENABLE_OBJC_WEAK = YES;
				CLANG_WARN_BLOCK_CAPTURE_AUTORELEASING = YES;
				CLANG_WARN_BOOL_CONVERSION = YES;
				CLANG_WARN_COMMA = YES;
				CLANG_WARN_CONSTANT_CONVERSION = YES;
				CLANG_WARN_DEPRECATED_OBJC_IMPLEMENTATIONS = YES;
				CLANG_WARN_DIRECT_OBJC_ISA_USAGE = YES_ERROR;
				CLANG_WARN_DOCUMENTATION_COMMENTS = YES;
				CLANG_WARN_EMPTY_BODY = YES;
				CLANG_WARN_ENUM_CONVERSION = YES;
				CLANG_WARN_INFINITE_RECURSION = YES;
				CLANG_WARN_INT_CONVERSION = YES;
				CLANG_WARN_NON_LITERAL_NULL_CONVERSION = YES;
				CLANG_WARN_OBJC_IMPLICIT_RETAIN_SELF = YES;
				CLANG_WARN_OBJC_LITERAL_CONVERSION = YES;
				CLANG_WARN_OBJC_ROOT_CLASS = YES_ERROR;
				CLANG_WARN_QUOTED_INCLUDE_IN_FRAMEWORK_HEADER = YES;
				CLANG_WARN_RANGE_LOOP_ANALYSIS = YES;
				CLANG_WARN_STRICT_PROTOTYPES = YES;
				CLANG_WARN_SUSPICIOUS_MOVE = YES;
				CLANG_WARN_UNGUARDED_AVAILABILITY = YES_AGGRESSIVE;
				CLANG_WARN_UNREACHABLE_CODE = YES;
				CLANG_WARN__DUPLICATE_METHOD_MATCH = YES;
				COPY_PHASE_STRIP = NO;
				DEBUG_INFORMATION_FORMAT = "dwarf-with-dsym";
				ENABLE_NS_ASSERTIONS = NO;
				ENABLE_STRICT_OBJC_MSGSEND = YES;
				GCC_C_LANGUAGE_STANDARD = gnu11;
				GCC_NO_COMMON_BLOCKS = YES;
				GCC_WARN_64_TO_32_BIT_CONVERSION = YES;
				GCC_WARN_ABOUT_RETURN_TYPE = YES_ERROR;
				GCC_WARN_UNDECLARED_SELECTOR = YES;
				GCC_WARN_UNINITIALIZED_AUTOS = YES_AGGRESSIVE;
				GCC_WARN_UNUSED_FUNCTION = YES;
				GCC_WARN_UNUSED_VARIABLE = YES;
				IPHONEOS_DEPLOYMENT_TARGET = 14.4;
				MTL_ENABLE_DEBUG_INFO = NO;
				MTL_FAST_MATH = YES;
				SDKROOT = iphoneos;
				SWIFT_COMPILATION_MODE = wholemodule;
				SWIFT_OPTIMIZATION_LEVEL = "-O";
				VALIDATE_PRODUCT = YES;
			};
			name = Release;
		};
		84FC4C2A2633CA65009562CA /* Debug */ = {
			isa = XCBuildConfiguration;
			buildSettings = {
				ASSETCATALOG_COMPILER_APPICON_NAME = AppIcon;
				ASSETCATALOG_COMPILER_GLOBAL_ACCENT_COLOR_NAME = AccentColor;
				CLANG_ENABLE_MODULES = YES;
				CODE_SIGN_STYLE = Automatic;
				DEVELOPMENT_TEAM = CENUVHQG84;
				FRAMEWORK_SEARCH_PATHS = (
					"$(inherited)",
					"$(PROJECT_DIR)",
				);
				GCC_WARN_ABOUT_DEPRECATED_FUNCTIONS = NO;
				INFOPLIST_FILE = TestWebViewInterface/Info.plist;
				IPHONEOS_DEPLOYMENT_TARGET = 11.4;
				LD_RUNPATH_SEARCH_PATHS = (
					"$(inherited)",
					"@executable_path/Frameworks",
				);
				PRODUCT_BUNDLE_IDENTIFIER = com.we.TestWebViewInterface;
				PRODUCT_NAME = "$(TARGET_NAME)";
				SWIFT_OBJC_BRIDGING_HEADER = "TestWebViewInterface/TestWebViewInterface-Bridging-Header.h";
				SWIFT_OPTIMIZATION_LEVEL = "-Onone";
				SWIFT_VERSION = 5.0;
				TARGETED_DEVICE_FAMILY = "1,2";
			};
			name = Debug;
		};
		84FC4C2B2633CA65009562CA /* Release */ = {
			isa = XCBuildConfiguration;
			buildSettings = {
				ASSETCATALOG_COMPILER_APPICON_NAME = AppIcon;
				ASSETCATALOG_COMPILER_GLOBAL_ACCENT_COLOR_NAME = AccentColor;
				CLANG_ENABLE_MODULES = YES;
				CODE_SIGN_STYLE = Automatic;
				DEVELOPMENT_TEAM = CENUVHQG84;
				FRAMEWORK_SEARCH_PATHS = (
					"$(inherited)",
					"$(PROJECT_DIR)",
				);
				GCC_WARN_ABOUT_DEPRECATED_FUNCTIONS = NO;
				INFOPLIST_FILE = TestWebViewInterface/Info.plist;
				IPHONEOS_DEPLOYMENT_TARGET = 11.4;
				LD_RUNPATH_SEARCH_PATHS = (
					"$(inherited)",
					"@executable_path/Frameworks",
				);
				PRODUCT_BUNDLE_IDENTIFIER = com.we.TestWebViewInterface;
				PRODUCT_NAME = "$(TARGET_NAME)";
				SWIFT_OBJC_BRIDGING_HEADER = "TestWebViewInterface/TestWebViewInterface-Bridging-Header.h";
				SWIFT_VERSION = 5.0;
				TARGETED_DEVICE_FAMILY = "1,2";
			};
			name = Release;
		};
/* End XCBuildConfiguration section */

/* Begin XCConfigurationList section */
		84FC4C102633CA64009562CA /* Build configuration list for PBXProject "TestWebViewInterface" */ = {
			isa = XCConfigurationList;
			buildConfigurations = (
				84FC4C272633CA65009562CA /* Debug */,
				84FC4C282633CA65009562CA /* Release */,
			);
			defaultConfigurationIsVisible = 0;
			defaultConfigurationName = Release;
		};
		84FC4C292633CA65009562CA /* Build configuration list for PBXNativeTarget "TestWebViewInterface" */ = {
			isa = XCConfigurationList;
			buildConfigurations = (
				84FC4C2A2633CA65009562CA /* Debug */,
				84FC4C2B2633CA65009562CA /* Release */,
			);
			defaultConfigurationIsVisible = 0;
			defaultConfigurationName = Release;
		};
/* End XCConfigurationList section */
	};
	rootObject = 84FC4C0D2633CA64009562CA /* Project object */;
}
